
Microsoft Visual Studio Solution File, Format Version 12.00
# Visual Studio Version 16
VisualStudioVersion = 16.0.30711.63
MinimumVisualStudioVersion = 10.0.40219.1
Project("{9A19103F-16F7-4668-BE54-9A1E7A4F7556}") = "Ex3", "Ex3\Ex3.csproj", "{6D60D27A-6045-42E7-BDF6-7C58D28DD7FD}"
EndProject
Project("{9A19103F-16F7-4668-BE54-9A1E7A4F7556}") = "Ex1", "Ex1\Ex1.csproj", "{4816AFFB-374B-4A90-BD01-B6B5646AAA1E}"
EndProject
Project("{9A19103F-16F7-4668-BE54-9A1E7A4F7556}") = "Ex2", "Ex2\Ex2.csproj", "{73B9C370-5808-418B-9EBF-3575C42789C8}"
EndProject
Project("{2150E333-8FDC-42A3-9474-1A3956D46DE8}") = "Exercicios-12-12-2020", "Exercicios-12-12-2020", "{B0DB4DB7-BB60-416E-9A97-3986F1DF653C}"
EndProject
Project("{9A19103F-16F7-4668-BE54-9A1E7A4F7556}") = "Ex1-12-12-2020", "Ex1-12-12-2020\Ex1-12-12-2020.csproj", "{C72CF7B8-5373-45E7-ADB2-48DEE08D7607}"
EndProject
Project("{FAE04EC0-301F-11D3-BF4B-00C04F79EFBC}") = "Ex2-12-12-2020", "Ex2-12-12-2020\Ex2-12-12-2020.csproj", "{D0D30675-0813-46D1-A35B-4BA4836F7365}"
EndProject
Global
	GlobalSection(SolutionConfigurationPlatforms) = preSolution
		Debug|Any CPU = Debug|Any CPU
		Release|Any CPU = Release|Any CPU
	EndGlobalSection
	GlobalSection(ProjectConfigurationPlatforms) = postSolution
		{6D60D27A-6045-42E7-BDF6-7C58D28DD7FD}.Debug|Any CPU.ActiveCfg = Debug|Any CPU
		{6D60D27A-6045-42E7-BDF6-7C58D28DD7FD}.Debug|Any CPU.Build.0 = Debug|Any CPU
		{6D60D27A-6045-42E7-BDF6-7C58D28DD7FD}.Release|Any CPU.ActiveCfg = Release|Any CPU
		{6D60D27A-6045-42E7-BDF6-7C58D28DD7FD}.Release|Any CPU.Build.0 = Release|Any CPU
		{4816AFFB-374B-4A90-BD01-B6B5646AAA1E}.Debug|Any CPU.ActiveCfg = Debug|Any CPU
		{4816AFFB-374B-4A90-BD01-B6B5646AAA1E}.Debug|Any CPU.Build.0 = Debug|Any CPU
		{4816AFFB-374B-4A90-BD01-B6B5646AAA1E}.Release|Any CPU.ActiveCfg = Release|Any CPU
		{4816AFFB-374B-4A90-BD01-B6B5646AAA1E}.Release|Any CPU.Build.0 = Release|Any CPU
		{73B9C370-5808-418B-9EBF-3575C42789C8}.Debug|Any CPU.ActiveCfg = Debug|Any CPU
		{73B9C370-5808-418B-9EBF-3575C42789C8}.Debug|Any CPU.Build.0 = Debug|Any CPU
		{73B9C370-5808-418B-9EBF-3575C42789C8}.Release|Any CPU.ActiveCfg = Release|Any CPU
		{73B9C370-5808-418B-9EBF-3575C42789C8}.Release|Any CPU.Build.0 = Release|Any CPU
		{C72CF7B8-5373-45E7-ADB2-48DEE08D7607}.Debug|Any CPU.ActiveCfg = Debug|Any CPU
		{C72CF7B8-5373-45E7-ADB2-48DEE08D7607}.Debug|Any CPU.Build.0 = Debug|Any CPU
		{C72CF7B8-5373-45E7-ADB2-48DEE08D7607}.Release|Any CPU.ActiveCfg = Release|Any CPU
		{C72CF7B8-5373-45E7-ADB2-48DEE08D7607}.Release|Any CPU.Build.0 = Release|Any CPU
		{D0D30675-0813-46D1-A35B-4BA4836F7365}.Debug|Any CPU.ActiveCfg = Debug|Any CPU
		{D0D30675-0813-46D1-A35B-4BA4836F7365}.Debug|Any CPU.Build.0 = Debug|Any CPU
		{D0D30675-0813-46D1-A35B-4BA4836F7365}.Release|Any CPU.ActiveCfg = Release|Any CPU
		{D0D30675-0813-46D1-A35B-4BA4836F7365}.Release|Any CPU.Build.0 = Release|Any CPU
	EndGlobalSection
	GlobalSection(SolutionProperties) = preSolution
		HideSolutionNode = FALSE
	EndGlobalSection
	GlobalSection(NestedProjects) = preSolution
		{C72CF7B8-5373-45E7-ADB2-48DEE08D7607} = {B0DB4DB7-BB60-416E-9A97-3986F1DF653C}
		{D0D30675-0813-46D1-A35B-4BA4836F7365} = {B0DB4DB7-BB60-416E-9A97-3986F1DF653C}
	EndGlobalSection
	GlobalSection(ExtensibilityGlobals) = postSolution
		SolutionGuid = {44C3F79C-CCB4-4E93-8B62-9D67183826C1}
	EndGlobalSection
EndGlobal
